
Microsoft Visual Studio Solution File, Format Version 11.00
# Visual Studio 2010
Project("{FAE04EC0-301F-11D3-BF4B-00C04F79EFBC}") = "Assembly-CSharp", "Assembly-CSharp.csproj", "{B2A9F416-E372-FB71-C551-9BAF4FC74C5C}"
EndProject
Project("{FAE04EC0-301F-11D3-BF4B-00C04F79EFBC}") = "Assembly-CSharp-Editor", "Assembly-CSharp-Editor.csproj", "{A14FAEE2-9915-EEA7-1E8F-6D81BA57F20F}"
EndProject
Global
	GlobalSection(SolutionConfigurationPlatforms) = preSolution
		Debug|Any CPU = Debug|Any CPU
		Release|Any CPU = Release|Any CPU
	EndGlobalSection
	GlobalSection(ProjectConfigurationPlatforms) = postSolution
		{B2A9F416-E372-FB71-C551-9BAF4FC74C5C}.Debug|Any CPU.ActiveCfg = Debug|Any CPU
		{B2A9F416-E372-FB71-C551-9BAF4FC74C5C}.Debug|Any CPU.Build.0 = Debug|Any CPU
		{B2A9F416-E372-FB71-C551-9BAF4FC74C5C}.Release|Any CPU.ActiveCfg = Release|Any CPU
		{B2A9F416-E372-FB71-C551-9BAF4FC74C5C}.Release|Any CPU.Build.0 = Release|Any CPU
		{A14FAEE2-9915-EEA7-1E8F-6D81BA57F20F}.Debug|Any CPU.ActiveCfg = Debug|Any CPU
		{A14FAEE2-9915-EEA7-1E8F-6D81BA57F20F}.Debug|Any CPU.Build.0 = Debug|Any CPU
		{A14FAEE2-9915-EEA7-1E8F-6D81BA57F20F}.Release|Any CPU.ActiveCfg = Release|Any CPU
		{A14FAEE2-9915-EEA7-1E8F-6D81BA57F20F}.Release|Any CPU.Build.0 = Release|Any CPU
	EndGlobalSection
	GlobalSection(SolutionProperties) = preSolution
		HideSolutionNode = FALSE
	EndGlobalSection
EndGlobal
